
Microsoft Visual Studio Solution File, Format Version 12.00
# Visual Studio Version 16
VisualStudioVersion = 16.0.31729.503
MinimumVisualStudioVersion = 10.0.40219.1
Project("{FAE04EC0-301F-11D3-BF4B-00C04F79EFBC}") = "VK.CSW.L1", "VK.CSW.L1\VK.CSW.L1.csproj", "{C4D42658-67C0-4046-88C5-D767ADF003B2}"
EndProject
Project("{FAE04EC0-301F-11D3-BF4B-00C04F79EFBC}") = "VK.CSW.L11", "VK.CSW.L11\VK.CSW.L11.csproj", "{B09A1621-F2BF-418F-8EFC-7419E8FA22BF}"
EndProject
Project("{FAE04EC0-301F-11D3-BF4B-00C04F79EFBC}") = "VK.CSW.L12", "VK.CSW.L12\VK.CSW.L12.csproj", "{A856368F-E662-46AD-875A-D2F80A23D16E}"
EndProject
Project("{FAE04EC0-301F-11D3-BF4B-00C04F79EFBC}") = "VK.CSW.L13", "VK.CSW.L13\VK.CSW.L13.csproj", "{6027E68E-43C6-4E6F-B781-D7105C2D3F9E}"
EndProject
Project("{FAE04EC0-301F-11D3-BF4B-00C04F79EFBC}") = "VK.CSW.L14", "VK.CSW.L14\VK.CSW.L14.csproj", "{BED62D0C-888B-4284-929C-73C1226B01E9}"
EndProject
Project("{FAE04EC0-301F-11D3-BF4B-00C04F79EFBC}") = "VK.CSW.L20", "VK.CSW.L20\VK.CSW.L20.csproj", "{ADBD5300-B9B4-41D4-85B8-923277E0DC18}"
EndProject
Project("{FAE04EC0-301F-11D3-BF4B-00C04F79EFBC}") = "VK.CSW.L21", "VK.CSW.L21\VK.CSW.L21.csproj", "{5232B925-8374-46DA-8DC6-5C983143951E}"
EndProject
Project("{FAE04EC0-301F-11D3-BF4B-00C04F79EFBC}") = "VK.CSW.L22", "VK.CSW.L22\VK.CSW.L22.csproj", "{5E57DC56-D3D1-499D-9498-2C5CC0C813B3}"
EndProject
Project("{FAE04EC0-301F-11D3-BF4B-00C04F79EFBC}") = "VK.CSW.L23", "VK.CSW.L23\VK.CSW.L23.csproj", "{2B5A2D67-6000-4782-A855-EE27E9245F9F}"
EndProject
Project("{FAE04EC0-301F-11D3-BF4B-00C04F79EFBC}") = "VK.CSW.L30", "VK.CSW.L30\VK.CSW.L30.csproj", "{B27AAF38-3148-4F3A-9875-68C5E55D1CC8}"
EndProject
Project("{9A19103F-16F7-4668-BE54-9A1E7A4F7556}") = "VK.CSW.L31", "VK.CSW.L31\VK.CSW.L31.csproj", "{F8F19CA4-ECCA-47F6-82B6-44C94FFECCFF}"
EndProject
Project("{FAE04EC0-301F-11D3-BF4B-00C04F79EFBC}") = "VK.CSW.L32", "VK.CSW.L32\VK.CSW.L32.csproj", "{71A48F0E-FF10-4F2D-82E4-BC5BEECEFE55}"
EndProject
Project("{FAE04EC0-301F-11D3-BF4B-00C04F79EFBC}") = "VK.CSW.L33", "VK.CSW.L33\VK.CSW.L33.csproj", "{EDEE5C08-BF36-4AD1-AA37-8D4F06766A67}"
EndProject
Project("{FAE04EC0-301F-11D3-BF4B-00C04F79EFBC}") = "VK.CSW.Bibl", "VK.CSW.Bibl\VK.CSW.Bibl.csproj", "{6509E431-9AB9-4E0E-81F8-B0DE1733FA6B}"
EndProject
Global
	GlobalSection(SolutionConfigurationPlatforms) = preSolution
		Debug|Any CPU = Debug|Any CPU
		Release|Any CPU = Release|Any CPU
	EndGlobalSection
	GlobalSection(ProjectConfigurationPlatforms) = postSolution
		{C4D42658-67C0-4046-88C5-D767ADF003B2}.Debug|Any CPU.ActiveCfg = Debug|Any CPU
		{C4D42658-67C0-4046-88C5-D767ADF003B2}.Debug|Any CPU.Build.0 = Debug|Any CPU
		{C4D42658-67C0-4046-88C5-D767ADF003B2}.Release|Any CPU.ActiveCfg = Release|Any CPU
		{C4D42658-67C0-4046-88C5-D767ADF003B2}.Release|Any CPU.Build.0 = Release|Any CPU
		{B09A1621-F2BF-418F-8EFC-7419E8FA22BF}.Debug|Any CPU.ActiveCfg = Debug|Any CPU
		{B09A1621-F2BF-418F-8EFC-7419E8FA22BF}.Debug|Any CPU.Build.0 = Debug|Any CPU
		{B09A1621-F2BF-418F-8EFC-7419E8FA22BF}.Release|Any CPU.ActiveCfg = Release|Any CPU
		{B09A1621-F2BF-418F-8EFC-7419E8FA22BF}.Release|Any CPU.Build.0 = Release|Any CPU
		{A856368F-E662-46AD-875A-D2F80A23D16E}.Debug|Any CPU.ActiveCfg = Debug|Any CPU
		{A856368F-E662-46AD-875A-D2F80A23D16E}.Debug|Any CPU.Build.0 = Debug|Any CPU
		{A856368F-E662-46AD-875A-D2F80A23D16E}.Release|Any CPU.ActiveCfg = Release|Any CPU
		{A856368F-E662-46AD-875A-D2F80A23D16E}.Release|Any CPU.Build.0 = Release|Any CPU
		{6027E68E-43C6-4E6F-B781-D7105C2D3F9E}.Debug|Any CPU.ActiveCfg = Debug|Any CPU
		{6027E68E-43C6-4E6F-B781-D7105C2D3F9E}.Debug|Any CPU.Build.0 = Debug|Any CPU
		{6027E68E-43C6-4E6F-B781-D7105C2D3F9E}.Release|Any CPU.ActiveCfg = Release|Any CPU
		{6027E68E-43C6-4E6F-B781-D7105C2D3F9E}.Release|Any CPU.Build.0 = Release|Any CPU
		{BED62D0C-888B-4284-929C-73C1226B01E9}.Debug|Any CPU.ActiveCfg = Debug|Any CPU
		{BED62D0C-888B-4284-929C-73C1226B01E9}.Debug|Any CPU.Build.0 = Debug|Any CPU
		{BED62D0C-888B-4284-929C-73C1226B01E9}.Release|Any CPU.ActiveCfg = Release|Any CPU
		{BED62D0C-888B-4284-929C-73C1226B01E9}.Release|Any CPU.Build.0 = Release|Any CPU
		{ADBD5300-B9B4-41D4-85B8-923277E0DC18}.Debug|Any CPU.ActiveCfg = Debug|Any CPU
		{ADBD5300-B9B4-41D4-85B8-923277E0DC18}.Debug|Any CPU.Build.0 = Debug|Any CPU
		{ADBD5300-B9B4-41D4-85B8-923277E0DC18}.Release|Any CPU.ActiveCfg = Release|Any CPU
		{ADBD5300-B9B4-41D4-85B8-923277E0DC18}.Release|Any CPU.Build.0 = Release|Any CPU
		{5232B925-8374-46DA-8DC6-5C983143951E}.Debug|Any CPU.ActiveCfg = Debug|Any CPU
		{5232B925-8374-46DA-8DC6-5C983143951E}.Debug|Any CPU.Build.0 = Debug|Any CPU
		{5232B925-8374-46DA-8DC6-5C983143951E}.Release|Any CPU.ActiveCfg = Release|Any CPU
		{5232B925-8374-46DA-8DC6-5C983143951E}.Release|Any CPU.Build.0 = Release|Any CPU
		{5E57DC56-D3D1-499D-9498-2C5CC0C813B3}.Debug|Any CPU.ActiveCfg = Debug|Any CPU
		{5E57DC56-D3D1-499D-9498-2C5CC0C813B3}.Debug|Any CPU.Build.0 = Debug|Any CPU
		{5E57DC56-D3D1-499D-9498-2C5CC0C813B3}.Release|Any CPU.ActiveCfg = Release|Any CPU
		{5E57DC56-D3D1-499D-9498-2C5CC0C813B3}.Release|Any CPU.Build.0 = Release|Any CPU
		{2B5A2D67-6000-4782-A855-EE27E9245F9F}.Debug|Any CPU.ActiveCfg = Debug|Any CPU
		{2B5A2D67-6000-4782-A855-EE27E9245F9F}.Debug|Any CPU.Build.0 = Debug|Any CPU
		{2B5A2D67-6000-4782-A855-EE27E9245F9F}.Release|Any CPU.ActiveCfg = Release|Any CPU
		{2B5A2D67-6000-4782-A855-EE27E9245F9F}.Release|Any CPU.Build.0 = Release|Any CPU
		{B27AAF38-3148-4F3A-9875-68C5E55D1CC8}.Debug|Any CPU.ActiveCfg = Debug|Any CPU
		{B27AAF38-3148-4F3A-9875-68C5E55D1CC8}.Debug|Any CPU.Build.0 = Debug|Any CPU
		{B27AAF38-3148-4F3A-9875-68C5E55D1CC8}.Release|Any CPU.ActiveCfg = Release|Any CPU
		{B27AAF38-3148-4F3A-9875-68C5E55D1CC8}.Release|Any CPU.Build.0 = Release|Any CPU
		{F8F19CA4-ECCA-47F6-82B6-44C94FFECCFF}.Debug|Any CPU.ActiveCfg = Debug|Any CPU
		{F8F19CA4-ECCA-47F6-82B6-44C94FFECCFF}.Debug|Any CPU.Build.0 = Debug|Any CPU
		{F8F19CA4-ECCA-47F6-82B6-44C94FFECCFF}.Release|Any CPU.ActiveCfg = Release|Any CPU
		{F8F19CA4-ECCA-47F6-82B6-44C94FFECCFF}.Release|Any CPU.Build.0 = Release|Any CPU
		{71A48F0E-FF10-4F2D-82E4-BC5BEECEFE55}.Debug|Any CPU.ActiveCfg = Debug|Any CPU
		{71A48F0E-FF10-4F2D-82E4-BC5BEECEFE55}.Debug|Any CPU.Build.0 = Debug|Any CPU
		{71A48F0E-FF10-4F2D-82E4-BC5BEECEFE55}.Release|Any CPU.ActiveCfg = Release|Any CPU
		{71A48F0E-FF10-4F2D-82E4-BC5BEECEFE55}.Release|Any CPU.Build.0 = Release|Any CPU
		{EDEE5C08-BF36-4AD1-AA37-8D4F06766A67}.Debug|Any CPU.ActiveCfg = Debug|Any CPU
		{EDEE5C08-BF36-4AD1-AA37-8D4F06766A67}.Debug|Any CPU.Build.0 = Debug|Any CPU
		{EDEE5C08-BF36-4AD1-AA37-8D4F06766A67}.Release|Any CPU.ActiveCfg = Release|Any CPU
		{EDEE5C08-BF36-4AD1-AA37-8D4F06766A67}.Release|Any CPU.Build.0 = Release|Any CPU
		{6509E431-9AB9-4E0E-81F8-B0DE1733FA6B}.Debug|Any CPU.ActiveCfg = Debug|Any CPU
		{6509E431-9AB9-4E0E-81F8-B0DE1733FA6B}.Debug|Any CPU.Build.0 = Debug|Any CPU
		{6509E431-9AB9-4E0E-81F8-B0DE1733FA6B}.Release|Any CPU.ActiveCfg = Release|Any CPU
		{6509E431-9AB9-4E0E-81F8-B0DE1733FA6B}.Release|Any CPU.Build.0 = Release|Any CPU
	EndGlobalSection
	GlobalSection(SolutionProperties) = preSolution
		HideSolutionNode = FALSE
	EndGlobalSection
	GlobalSection(ExtensibilityGlobals) = postSolution
		SolutionGuid = {2D73D61A-1AB3-4A9A-ACA6-B5FCFC25C827}
	EndGlobalSection
EndGlobal
